{
  "requires": true,
  "lockfileVersion": 1,
  "dependencies": {
    "vue-axios": {
      "version": "2.1.2",
      "resolved": "https://registry.npmjs.org/vue-axios/-/vue-axios-2.1.2.tgz",
      "integrity": "sha512-mZKfUE0AX5mGs1NSxW9n1aTJqRnDtUYyQOiT4OlBSKxBSganPp8IQTpHY5rDs8mGAteEX+GCtfqdA2FqcltSCw=="
    }
  }
}
